// !$*UTF8*$!
{
	archiveVersion = 1;
	classes = {
	};
	objectVersion = 56;
	objects = {

/* Begin PBXBuildFile section */
		D87224742A0671BB00351888 /* PicturesApp.swift in Sources */ = {isa = PBXBuildFile; fileRef = D87224732A0671BB00351888 /* PicturesApp.swift */; };
		D87224762A0671BB00351888 /* ContentView.swift in Sources */ = {isa = PBXBuildFile; fileRef = D87224752A0671BB00351888 /* ContentView.swift */; };
		D87224782A0671BC00351888 /* Assets.xcassets in Resources */ = {isa = PBXBuildFile; fileRef = D87224772A0671BC00351888 /* Assets.xcassets */; };
		D872247B2A0671BC00351888 /* Preview Assets.xcassets in Resources */ = {isa = PBXBuildFile; fileRef = D872247A2A0671BC00351888 /* Preview Assets.xcassets */; };
		D87224A12A067BFA00351888 /* PictureModel.swift in Sources */ = {isa = PBXBuildFile; fileRef = D87224A02A067BFA00351888 /* PictureModel.swift */; };
		D87224A32A067E5100351888 /* PicturesViewModel.swift in Sources */ = {isa = PBXBuildFile; fileRef = D87224A22A067E5100351888 /* PicturesViewModel.swift */; };
		D87224A52A067F7000351888 /* Constant.swift in Sources */ = {isa = PBXBuildFile; fileRef = D87224A42A067F7000351888 /* Constant.swift */; };
		D87224A82A06812700351888 /* MainView.swift in Sources */ = {isa = PBXBuildFile; fileRef = D87224A72A06812700351888 /* MainView.swift */; };
		D87224AB2A0681F400351888 /* Kingfisher in Frameworks */ = {isa = PBXBuildFile; productRef = D87224AA2A0681F400351888 /* Kingfisher */; };
		D87224AD2A06822700351888 /* PictureDetails.swift in Sources */ = {isa = PBXBuildFile; fileRef = D87224AC2A06822700351888 /* PictureDetails.swift */; };
/* End PBXBuildFile section */

/* Begin PBXFileReference section */
		D87224702A0671BB00351888 /* PictureApp.app */ = {isa = PBXFileReference; explicitFileType = wrapper.application; includeInIndex = 0; path = PictureApp.app; sourceTree = BUILT_PRODUCTS_DIR; };
		D87224732A0671BB00351888 /* PicturesApp.swift */ = {isa = PBXFileReference; lastKnownFileType = sourcecode.swift; path = PicturesApp.swift; sourceTree = "<group>"; };
		D87224752A0671BB00351888 /* ContentView.swift */ = {isa = PBXFileReference; lastKnownFileType = sourcecode.swift; path = ContentView.swift; sourceTree = "<group>"; };
		D87224772A0671BC00351888 /* Assets.xcassets */ = {isa = PBXFileReference; lastKnownFileType = folder.assetcatalog; path = Assets.xcassets; sourceTree = "<group>"; };
		D872247A2A0671BC00351888 /* Preview Assets.xcassets */ = {isa = PBXFileReference; lastKnownFileType = folder.assetcatalog; path = "Preview Assets.xcassets"; sourceTree = "<group>"; };
		D87224A02A067BFA00351888 /* PictureModel.swift */ = {isa = PBXFileReference; lastKnownFileType = sourcecode.swift; path = PictureModel.swift; sourceTree = "<group>"; };
		D87224A22A067E5100351888 /* PicturesViewModel.swift */ = {isa = PBXFileReference; lastKnownFileType = sourcecode.swift; path = PicturesViewModel.swift; sourceTree = "<group>"; };
		D87224A42A067F7000351888 /* Constant.swift */ = {isa = PBXFileReference; lastKnownFileType = sourcecode.swift; path = Constant.swift; sourceTree = "<group>"; };
		D87224A72A06812700351888 /* MainView.swift */ = {isa = PBXFileReference; lastKnownFileType = sourcecode.swift; path = MainView.swift; sourceTree = "<group>"; };
		D87224AC2A06822700351888 /* PictureDetails.swift */ = {isa = PBXFileReference; lastKnownFileType = sourcecode.swift; path = PictureDetails.swift; sourceTree = "<group>"; };
/* End PBXFileReference section */

/* Begin PBXFrameworksBuildPhase section */
		D872246D2A0671BB00351888 /* Frameworks */ = {
			isa = PBXFrameworksBuildPhase;
			buildActionMask = 2147483647;
			files = (
				D87224AB2A0681F400351888 /* Kingfisher in Frameworks */,
			);
			runOnlyForDeploymentPostprocessing = 0;
		};
/* End PBXFrameworksBuildPhase section */

/* Begin PBXGroup section */
		D87224672A0671BB00351888 = {
			isa = PBXGroup;
			children = (
				D87224722A0671BB00351888 /* PictureApp */,
				D87224712A0671BB00351888 /* Products */,
			);
			sourceTree = "<group>";
		};
		D87224712A0671BB00351888 /* Products */ = {
			isa = PBXGroup;
			children = (
				D87224702A0671BB00351888 /* PictureApp.app */,
			);
			name = Products;
			sourceTree = "<group>";
		};
		D87224722A0671BB00351888 /* PictureApp */ = {
			isa = PBXGroup;
			children = (
				D872249F2A067ABB00351888 /* Helper */,
				D872249E2A067A8E00351888 /* ViewModel */,
				D872249D2A067A8500351888 /* Model */,
				D872249C2A067A6D00351888 /* View */,
				D872249B2A0679CF00351888 /* App */,
				D87224752A0671BB00351888 /* ContentView.swift */,
				D87224792A0671BC00351888 /* Preview Content */,
			);
			path = PictureApp;
			sourceTree = "<group>";
		};
		D87224792A0671BC00351888 /* Preview Content */ = {
			isa = PBXGroup;
			children = (
				D872247A2A0671BC00351888 /* Preview Assets.xcassets */,
			);
			path = "Preview Content";
			sourceTree = "<group>";
		};
		D872249B2A0679CF00351888 /* App */ = {
			isa = PBXGroup;
			children = (
				D87224732A0671BB00351888 /* PicturesApp.swift */,
				D87224772A0671BC00351888 /* Assets.xcassets */,
			);
			path = App;
			sourceTree = "<group>";
		};
		D872249C2A067A6D00351888 /* View */ = {
			isa = PBXGroup;
			children = (
				D87224A72A06812700351888 /* MainView.swift */,
				D87224AC2A06822700351888 /* PictureDetails.swift */,
			);
			path = View;
			sourceTree = "<group>";
		};
		D872249D2A067A8500351888 /* Model */ = {
			isa = PBXGroup;
			children = (
				D87224A02A067BFA00351888 /* PictureModel.swift */,
			);
			path = Model;
			sourceTree = "<group>";
		};
		D872249E2A067A8E00351888 /* ViewModel */ = {
			isa = PBXGroup;
			children = (
				D87224A22A067E5100351888 /* PicturesViewModel.swift */,
			);
			path = ViewModel;
			sourceTree = "<group>";
		};
		D872249F2A067ABB00351888 /* Helper */ = {
			isa = PBXGroup;
			children = (
				D87224A42A067F7000351888 /* Constant.swift */,
			);
			path = Helper;
			sourceTree = "<group>";
		};
/* End PBXGroup section */

/* Begin PBXNativeTarget section */
		D872246F2A0671BB00351888 /* PictureApp */ = {
			isa = PBXNativeTarget;
			buildConfigurationList = D872247E2A0671BC00351888 /* Build configuration list for PBXNativeTarget "PictureApp" */;
			buildPhases = (
				D872246C2A0671BB00351888 /* Sources */,
				D872246D2A0671BB00351888 /* Frameworks */,
				D872246E2A0671BB00351888 /* Resources */,
			);
			buildRules = (
			);
			dependencies = (
			);
			name = PictureApp;
			packageProductDependencies = (
				D87224AA2A0681F400351888 /* Kingfisher */,
			);
			productName = PictureApp;
			productReference = D87224702A0671BB00351888 /* PictureApp.app */;
			productType = "com.apple.product-type.application";
		};
/* End PBXNativeTarget section */

/* Begin PBXProject section */
		D87224682A0671BB00351888 /* Project object */ = {
			isa = PBXProject;
			attributes = {
				BuildIndependentTargetsInParallel = 1;
				LastSwiftUpdateCheck = 1420;
				LastUpgradeCheck = 1420;
				TargetAttributes = {
					D872246F2A0671BB00351888 = {
						CreatedOnToolsVersion = 14.2;
					};
				};
			};
			buildConfigurationList = D872246B2A0671BB00351888 /* Build configuration list for PBXProject "PictureApp" */;
			compatibilityVersion = "Xcode 14.0";
			developmentRegion = en;
			hasScannedForEncodings = 0;
			knownRegions = (
				en,
				Base,
			);
			mainGroup = D87224672A0671BB00351888;
			packageReferences = (
				D87224A92A0681F400351888 /* XCRemoteSwiftPackageReference "Kingfisher" */,
			);
			productRefGroup = D87224712A0671BB00351888 /* Products */;
			projectDirPath = "";
			projectRoot = "";
			targets = (
				D872246F2A0671BB00351888 /* PictureApp */,
			);
		};
/* End PBXProject section */

/* Begin PBXResourcesBuildPhase section */
		D872246E2A0671BB00351888 /* Resources */ = {
			isa = PBXResourcesBuildPhase;
			buildActionMask = 2147483647;
			files = (
				D872247B2A0671BC00351888 /* Preview Assets.xcassets in Resources */,
				D87224782A0671BC00351888 /* Assets.xcassets in Resources */,
			);
			runOnlyForDeploymentPostprocessing = 0;
		};
/* End PBXResourcesBuildPhase section */

/* Begin PBXSourcesBuildPhase section */
		D872246C2A0671BB00351888 /* Sources */ = {
			isa = PBXSourcesBuildPhase;
			buildActionMask = 2147483647;
			files = (
				D87224A12A067BFA00351888 /* PictureModel.swift in Sources */,
				D87224A82A06812700351888 /* MainView.swift in Sources */,
				D87224A32A067E5100351888 /* PicturesViewModel.swift in Sources */,
				D87224AD2A06822700351888 /* PictureDetails.swift in Sources */,
				D87224A52A067F7000351888 /* Constant.swift in Sources */,
				D87224762A0671BB00351888 /* ContentView.swift in Sources */,
				D87224742A0671BB00351888 /* PicturesApp.swift in Sources */,
			);
			runOnlyForDeploymentPostprocessing = 0;
		};
/* End PBXSourcesBuildPhase section */

/* Begin XCBuildConfiguration section */
		D872247C2A0671BC00351888 /* Debug */ = {
			isa = XCBuildConfiguration;
			buildSettings = {
				ALWAYS_SEARCH_USER_PATHS = NO;
				CLANG_ANALYZER_NONNULL = YES;
				CLANG_ANALYZER_NUMBER_OBJECT_CONVERSION = YES_AGGRESSIVE;
				CLANG_CXX_LANGUAGE_STANDARD = "gnu++20";
				CLANG_ENABLE_MODULES = YES;
				CLANG_ENABLE_OBJC_ARC = YES;
				CLANG_ENABLE_OBJC_WEAK = YES;
				CLANG_WARN_BLOCK_CAPTURE_AUTORELEASING = YES;
				CLANG_WARN_BOOL_CONVERSION = YES;
				CLANG_WARN_COMMA = YES;
				CLANG_WARN_CONSTANT_CONVERSION = YES;
				CLANG_WARN_DEPRECATED_OBJC_IMPLEMENTATIONS = YES;
				CLANG_WARN_DIRECT_OBJC_ISA_USAGE = YES_ERROR;
				CLANG_WARN_DOCUMENTATION_COMMENTS = YES;
				CLANG_WARN_EMPTY_BODY = YES;
				CLANG_WARN_ENUM_CONVERSION = YES;
				CLANG_WARN_INFINITE_RECURSION = YES;
				CLANG_WARN_INT_CONVERSION = YES;
				CLANG_WARN_NON_LITERAL_NULL_CONVERSION = YES;
				CLANG_WARN_OBJC_IMPLICIT_RETAIN_SELF = YES;
				CLANG_WARN_OBJC_LITERAL_CONVERSION = YES;
				CLANG_WARN_OBJC_ROOT_CLASS = YES_ERROR;
				CLANG_WARN_QUOTED_INCLUDE_IN_FRAMEWORK_HEADER = YES;
				CLANG_WARN_RANGE_LOOP_ANALYSIS = YES;
				CLANG_WARN_STRICT_PROTOTYPES = YES;
				CLANG_WARN_SUSPICIOUS_MOVE = YES;
				CLANG_WARN_UNGUARDED_AVAILABILITY = YES_AGGRESSIVE;
				CLANG_WARN_UNREACHABLE_CODE = YES;
				CLANG_WARN__DUPLICATE_METHOD_MATCH = YES;
				COPY_PHASE_STRIP = NO;
				DEBUG_INFORMATION_FORMAT = dwarf;
				ENABLE_STRICT_OBJC_MSGSEND = YES;
				ENABLE_TESTABILITY = YES;
				GCC_C_LANGUAGE_STANDARD = gnu11;
				GCC_DYNAMIC_NO_PIC = NO;
				GCC_NO_COMMON_BLOCKS = YES;
				GCC_OPTIMIZATION_LEVEL = 0;
				GCC_PREPROCESSOR_DEFINITIONS = (
					"DEBUG=1",
					"$(inherited)",
				);
				GCC_WARN_64_TO_32_BIT_CONVERSION = YES;
				GCC_WARN_ABOUT_RETURN_TYPE = YES_ERROR;
				GCC_WARN_UNDECLARED_SELECTOR = YES;
				GCC_WARN_UNINITIALIZED_AUTOS = YES_AGGRESSIVE;
				GCC_WARN_UNUSED_FUNCTION = YES;
				GCC_WARN_UNUSED_VARIABLE = YES;
				IPHONEOS_DEPLOYMENT_TARGET = 16.2;
				MTL_ENABLE_DEBUG_INFO = INCLUDE_SOURCE;
				MTL_FAST_MATH = YES;
				ONLY_ACTIVE_ARCH = YES;
				SDKROOT = iphoneos;
				SWIFT_ACTIVE_COMPILATION_CONDITIONS = DEBUG;
				SWIFT_OPTIMIZATION_LEVEL = "-Onone";
			};
			name = Debug;
		};
		D872247D2A0671BC00351888 /* Release */ = {
			isa = XCBuildConfiguration;
			buildSettings = {
				ALWAYS_SEARCH_USER_PATHS = NO;
				CLANG_ANALYZER_NONNULL = YES;
				CLANG_ANALYZER_NUMBER_OBJECT_CONVERSION = YES_AGGRESSIVE;
				CLANG_CXX_LANGUAGE_STANDARD = "gnu++20";
				CLANG_ENABLE_MODULES = YES;
				CLANG_ENABLE_OBJC_ARC = YES;
				CLANG_ENABLE_OBJC_WEAK = YES;
				CLANG_WARN_BLOCK_CAPTURE_AUTORELEASING = YES;
				CLANG_WARN_BOOL_CONVERSION = YES;
				CLANG_WARN_COMMA = YES;
				CLANG_WARN_CONSTANT_CONVERSION = YES;
				CLANG_WARN_DEPRECATED_OBJC_IMPLEMENTATIONS = YES;
				CLANG_WARN_DIRECT_OBJC_ISA_USAGE = YES_ERROR;
				CLANG_WARN_DOCUMENTATION_COMMENTS = YES;
				CLANG_WARN_EMPTY_BODY = YES;
				CLANG_WARN_ENUM_CONVERSION = YES;
				CLANG_WARN_INFINITE_RECURSION = YES;
				CLANG_WARN_INT_CONVERSION = YES;
				CLANG_WARN_NON_LITERAL_NULL_CONVERSION = YES;
				CLANG_WARN_OBJC_IMPLICIT_RETAIN_SELF = YES;
				CLANG_WARN_OBJC_LITERAL_CONVERSION = YES;
				CLANG_WARN_OBJC_ROOT_CLASS = YES_ERROR;
				CLANG_WARN_QUOTED_INCLUDE_IN_FRAMEWORK_HEADER = YES;
				CLANG_WARN_RANGE_LOOP_ANALYSIS = YES;
				CLANG_WARN_STRICT_PROTOTYPES = YES;
				CLANG_WARN_SUSPICIOUS_MOVE = YES;
				CLANG_WARN_UNGUARDED_AVAILABILITY = YES_AGGRESSIVE;
				CLANG_WARN_UNREACHABLE_CODE = YES;
				CLANG_WARN__DUPLICATE_METHOD_MATCH = YES;
				COPY_PHASE_STRIP = NO;
				DEBUG_INFORMATION_FORMAT = "dwarf-with-dsym";
				ENABLE_NS_ASSERTIONS = NO;
				ENABLE_STRICT_OBJC_MSGSEND = YES;
				GCC_C_LANGUAGE_STANDARD = gnu11;
				GCC_NO_COMMON_BLOCKS = YES;
				GCC_WARN_64_TO_32_BIT_CONVERSION = YES;
				GCC_WARN_ABOUT_RETURN_TYPE = YES_ERROR;
				GCC_WARN_UNDECLARED_SELECTOR = YES;
				GCC_WARN_UNINITIALIZED_AUTOS = YES_AGGRESSIVE;
				GCC_WARN_UNUSED_FUNCTION = YES;
				GCC_WARN_UNUSED_VARIABLE = YES;
				IPHONEOS_DEPLOYMENT_TARGET = 16.2;
				MTL_ENABLE_DEBUG_INFO = NO;
				MTL_FAST_MATH = YES;
				SDKROOT = iphoneos;
				SWIFT_COMPILATION_MODE = wholemodule;
				SWIFT_OPTIMIZATION_LEVEL = "-O";
				VALIDATE_PRODUCT = YES;
			};
			name = Release;
		};
		D872247F2A0671BC00351888 /* Debug */ = {
			isa = XCBuildConfiguration;
			buildSettings = {
				ASSETCATALOG_COMPILER_APPICON_NAME = AppIcon;
				ASSETCATALOG_COMPILER_GLOBAL_ACCENT_COLOR_NAME = AccentColor;
				CODE_SIGN_STYLE = Automatic;
				CURRENT_PROJECT_VERSION = 1;
				DEVELOPMENT_ASSET_PATHS = "\"PictureApp/Preview Content\"";
				ENABLE_PREVIEWS = YES;
				GENERATE_INFOPLIST_FILE = YES;
				INFOPLIST_KEY_UIApplicationSceneManifest_Generation = YES;
				INFOPLIST_KEY_UIApplicationSupportsIndirectInputEvents = YES;
				INFOPLIST_KEY_UILaunchScreen_Generation = YES;
				INFOPLIST_KEY_UISupportedInterfaceOrientations_iPad = "UIInterfaceOrientationPortrait UIInterfaceOrientationPortraitUpsideDown UIInterfaceOrientationLandscapeLeft UIInterfaceOrientationLandscapeRight";
				INFOPLIST_KEY_UISupportedInterfaceOrientations_iPhone = "UIInterfaceOrientationPortrait UIInterfaceOrientationLandscapeLeft UIInterfaceOrientationLandscapeRight";
				LD_RUNPATH_SEARCH_PATHS = (
					"$(inherited)",
					"@executable_path/Frameworks",
				);
				MARKETING_VERSION = 1.0;
				PRODUCT_BUNDLE_IDENTIFIER = list.PictureApp;
				PRODUCT_NAME = "$(TARGET_NAME)";
				SWIFT_EMIT_LOC_STRINGS = YES;
				SWIFT_VERSION = 5.0;
				TARGETED_DEVICE_FAMILY = "1,2";
			};
			name = Debug;
		};
		D87224802A0671BC00351888 /* Release */ = {
			isa = XCBuildConfiguration;
			buildSettings = {
				ASSETCATALOG_COMPILER_APPICON_NAME = AppIcon;
				ASSETCATALOG_COMPILER_GLOBAL_ACCENT_COLOR_NAME = AccentColor;
				CODE_SIGN_STYLE = Automatic;
				CURRENT_PROJECT_VERSION = 1;
				DEVELOPMENT_ASSET_PATHS = "\"PictureApp/Preview Content\"";
				ENABLE_PREVIEWS = YES;
				GENERATE_INFOPLIST_FILE = YES;
				INFOPLIST_KEY_UIApplicationSceneManifest_Generation = YES;
				INFOPLIST_KEY_UIApplicationSupportsIndirectInputEvents = YES;
				INFOPLIST_KEY_UILaunchScreen_Generation = YES;
				INFOPLIST_KEY_UISupportedInterfaceOrientations_iPad = "UIInterfaceOrientationPortrait UIInterfaceOrientationPortraitUpsideDown UIInterfaceOrientationLandscapeLeft UIInterfaceOrientationLandscapeRight";
				INFOPLIST_KEY_UISupportedInterfaceOrientations_iPhone = "UIInterfaceOrientationPortrait UIInterfaceOrientationLandscapeLeft UIInterfaceOrientationLandscapeRight";
				LD_RUNPATH_SEARCH_PATHS = (
					"$(inherited)",
					"@executable_path/Frameworks",
				);
				MARKETING_VERSION = 1.0;
				PRODUCT_BUNDLE_IDENTIFIER = list.PictureApp;
				PRODUCT_NAME = "$(TARGET_NAME)";
				SWIFT_EMIT_LOC_STRINGS = YES;
				SWIFT_VERSION = 5.0;
				TARGETED_DEVICE_FAMILY = "1,2";
			};
			name = Release;
		};
/* End XCBuildConfiguration section */

/* Begin XCConfigurationList section */
		D872246B2A0671BB00351888 /* Build configuration list for PBXProject "PictureApp" */ = {
			isa = XCConfigurationList;
			buildConfigurations = (
				D872247C2A0671BC00351888 /* Debug */,
				D872247D2A0671BC00351888 /* Release */,
			);
			defaultConfigurationIsVisible = 0;
			defaultConfigurationName = Release;
		};
		D872247E2A0671BC00351888 /* Build configuration list for PBXNativeTarget "PictureApp" */ = {
			isa = XCConfigurationList;
			buildConfigurations = (
				D872247F2A0671BC00351888 /* Debug */,
				D87224802A0671BC00351888 /* Release */,
			);
			defaultConfigurationIsVisible = 0;
			defaultConfigurationName = Release;
		};
/* End XCConfigurationList section */

/* Begin XCRemoteSwiftPackageReference section */
		D87224A92A0681F400351888 /* XCRemoteSwiftPackageReference "Kingfisher" */ = {
			isa = XCRemoteSwiftPackageReference;
			repositoryURL = "https://github.com/onevcat/Kingfisher.git";
			requirement = {
				kind = upToNextMajorVersion;
				minimumVersion = 7.0.0;
			};
		};
/* End XCRemoteSwiftPackageReference section */

/* Begin XCSwiftPackageProductDependency section */
		D87224AA2A0681F400351888 /* Kingfisher */ = {
			isa = XCSwiftPackageProductDependency;
			package = D87224A92A0681F400351888 /* XCRemoteSwiftPackageReference "Kingfisher" */;
			productName = Kingfisher;
		};
/* End XCSwiftPackageProductDependency section */
	};
	rootObject = D87224682A0671BB00351888 /* Project object */;
}
